
Microsoft Visual Studio Solution File, Format Version 12.00
# Visual Studio Version 16
VisualStudioVersion = 16.0.30406.217
MinimumVisualStudioVersion = 10.0.40219.1
Project("{9A19103F-16F7-4668-BE54-9A1E7A4F7556}") = "Test4Atma", "Test4Atma\Test4Atma.csproj", "{1FBE9238-DF26-4A01-82D6-ABE6E7252FCC}"
EndProject
Project("{FAE04EC0-301F-11D3-BF4B-00C04F79EFBC}") = "Test4AtmaTests", "Test4AtmaTests\Test4AtmaTests.csproj", "{54C5038A-76D7-4A5F-B322-1C0801208104}"
EndProject
Global
	GlobalSection(SolutionConfigurationPlatforms) = preSolution
		Debug|Any CPU = Debug|Any CPU
		Release|Any CPU = Release|Any CPU
	EndGlobalSection
	GlobalSection(ProjectConfigurationPlatforms) = postSolution
		{1FBE9238-DF26-4A01-82D6-ABE6E7252FCC}.Debug|Any CPU.ActiveCfg = Debug|Any CPU
		{1FBE9238-DF26-4A01-82D6-ABE6E7252FCC}.Debug|Any CPU.Build.0 = Debug|Any CPU
		{1FBE9238-DF26-4A01-82D6-ABE6E7252FCC}.Release|Any CPU.ActiveCfg = Release|Any CPU
		{1FBE9238-DF26-4A01-82D6-ABE6E7252FCC}.Release|Any CPU.Build.0 = Release|Any CPU
		{54C5038A-76D7-4A5F-B322-1C0801208104}.Debug|Any CPU.ActiveCfg = Debug|Any CPU
		{54C5038A-76D7-4A5F-B322-1C0801208104}.Debug|Any CPU.Build.0 = Debug|Any CPU
		{54C5038A-76D7-4A5F-B322-1C0801208104}.Release|Any CPU.ActiveCfg = Release|Any CPU
		{54C5038A-76D7-4A5F-B322-1C0801208104}.Release|Any CPU.Build.0 = Release|Any CPU
	EndGlobalSection
	GlobalSection(SolutionProperties) = preSolution
		HideSolutionNode = FALSE
	EndGlobalSection
	GlobalSection(ExtensibilityGlobals) = postSolution
		SolutionGuid = {B00AEE6D-F90A-4AFF-BB84-34F41C3E677D}
	EndGlobalSection
EndGlobal
